
Microsoft Visual Studio Solution File, Format Version 12.00
# Visual Studio Version 17
VisualStudioVersion = 17.3.32922.545
MinimumVisualStudioVersion = 10.0.40219.1
Project("{FAE04EC0-301F-11D3-BF4B-00C04F79EFBC}") = "Avorand Song Idea Generator", "Avorand Song Idea Generator.csproj", "{B0B21BED-4250-41B5-9C4A-89F2F7D62B6A}"
EndProject
Global
	GlobalSection(SolutionConfigurationPlatforms) = preSolution
		Debug|Any CPU = Debug|Any CPU
		Release|Any CPU = Release|Any CPU
	EndGlobalSection
	GlobalSection(ProjectConfigurationPlatforms) = postSolution
		{B0B21BED-4250-41B5-9C4A-89F2F7D62B6A}.Debug|Any CPU.ActiveCfg = Debug|Any CPU
		{B0B21BED-4250-41B5-9C4A-89F2F7D62B6A}.Debug|Any CPU.Build.0 = Debug|Any CPU
		{B0B21BED-4250-41B5-9C4A-89F2F7D62B6A}.Release|Any CPU.ActiveCfg = Release|Any CPU
		{B0B21BED-4250-41B5-9C4A-89F2F7D62B6A}.Release|Any CPU.Build.0 = Release|Any CPU
	EndGlobalSection
	GlobalSection(SolutionProperties) = preSolution
		HideSolutionNode = FALSE
	EndGlobalSection
	GlobalSection(ExtensibilityGlobals) = postSolution
		SolutionGuid = {ECF04415-D0B0-42C6-9A2F-2B823F3914AE}
	EndGlobalSection
EndGlobal
